
Microsoft Visual Studio Solution File, Format Version 12.00
# Visual Studio Version 17
VisualStudioVersion = 17.1.32228.430
MinimumVisualStudioVersion = 10.0.40219.1
Project("{FAE04EC0-301F-11D3-BF4B-00C04F79EFBC}") = "ecsRL", "ecsRL\ecsRL.csproj", "{4A4511BA-6782-4FE9-BE37-035F5CE6CBB6}"
EndProject
Global
	GlobalSection(SolutionConfigurationPlatforms) = preSolution
		Debug|Any CPU = Debug|Any CPU
		Release|Any CPU = Release|Any CPU
	EndGlobalSection
	GlobalSection(ProjectConfigurationPlatforms) = postSolution
		{4A4511BA-6782-4FE9-BE37-035F5CE6CBB6}.Debug|Any CPU.ActiveCfg = Debug|Any CPU
		{4A4511BA-6782-4FE9-BE37-035F5CE6CBB6}.Debug|Any CPU.Build.0 = Debug|Any CPU
		{4A4511BA-6782-4FE9-BE37-035F5CE6CBB6}.Release|Any CPU.ActiveCfg = Release|Any CPU
		{4A4511BA-6782-4FE9-BE37-035F5CE6CBB6}.Release|Any CPU.Build.0 = Release|Any CPU
	EndGlobalSection
	GlobalSection(SolutionProperties) = preSolution
		HideSolutionNode = FALSE
	EndGlobalSection
	GlobalSection(ExtensibilityGlobals) = postSolution
		SolutionGuid = {1562B077-10B0-4087-B7EB-A91CC24E5F55}
	EndGlobalSection
EndGlobal
